
Microsoft Visual Studio Solution File, Format Version 12.00
# Visual Studio Version 16
VisualStudioVersion = 16.0.31515.178
MinimumVisualStudioVersion = 10.0.40219.1
Project("{FAE04EC0-301F-11D3-BF4B-00C04F79EFBC}") = "Solver", "Solver\Solver.csproj", "{9BD87BD4-44E9-4627-9B62-41F97E16BAC6}"
EndProject
Project("{2150E333-8FDC-42A3-9474-1A3956D46DE8}") = "OpenTKForm", "OpenTKForm", "{73DA8ED9-8244-4478-965C-942EECA519BD}"
EndProject
Project("{2150E333-8FDC-42A3-9474-1A3956D46DE8}") = "PalagySolver", "PalagySolver", "{A698072C-0F04-49BF-86E6-FC0F181B18E0}"
EndProject
Project("{FAE04EC0-301F-11D3-BF4B-00C04F79EFBC}") = "OpenTKLib", "0.9.0.9 OpenGL Sources\OpenTKLib\OpenTKLib.csproj", "{DF1F2330-134C-4EC6-A97C-3011D3072F0A}"
EndProject
Project("{FAE04EC0-301F-11D3-BF4B-00C04F79EFBC}") = "OpenTKTest", "0.9.0.9 OpenGL Sources\OpenTKTest\OpenTKTest.csproj", "{546A9835-C8BC-4C43-A01C-C6603AF6674E}"
EndProject
Project("{2150E333-8FDC-42A3-9474-1A3956D46DE8}") = "Solution Items", "Solution Items", "{96239FE9-353E-494A-8A9A-DD31CC652952}"
EndProject
Project("{FAE04EC0-301F-11D3-BF4B-00C04F79EFBC}") = "_UnitTestsOpenTK", "0.9.0.9 OpenGL Sources\UnitTestsOpenTK\_UnitTestsOpenTK.csproj", "{6AF79162-C28E-4251-9DBB-5A37E58F33B4}"
EndProject
Project("{FAE04EC0-301F-11D3-BF4B-00C04F79EFBC}") = "_UnitTestsRunAll", "0.9.0.9 OpenGL Sources\UnitTestsRunAll\_UnitTestsRunAll.csproj", "{7A011760-0445-46F0-8409-D4F21672470A}"
EndProject
Project("{FAE04EC0-301F-11D3-BF4B-00C04F79EFBC}") = "Centerline", "Centerline\Centerline.csproj", "{4F019089-DD37-42DC-8888-DAD3B21F7BD8}"
EndProject
Project("{2150E333-8FDC-42A3-9474-1A3956D46DE8}") = "CenterlineOpenTK", "CenterlineOpenTK", "{CD77AEB4-ABE5-48FC-A6BE-5201BC1B83D9}"
EndProject
Project("{FAE04EC0-301F-11D3-BF4B-00C04F79EFBC}") = "SplineOpenTK", "Proyecto Final\Proyecto Final\SplineOpenTK.csproj", "{21C57FB8-8710-414C-B3EF-65AFFEF34962}"
EndProject
Project("{FAE04EC0-301F-11D3-BF4B-00C04F79EFBC}") = "Palagy", "PalagyV2\Palagy.csproj", "{AD2508E5-71D7-4F07-AF75-7449A4F68189}"
EndProject
Global
	GlobalSection(SolutionConfigurationPlatforms) = preSolution
		Debug|Any CPU = Debug|Any CPU
		Debug|Mixed Platforms = Debug|Mixed Platforms
		Debug|x64 = Debug|x64
		Debug|x86 = Debug|x86
		Documentation|Any CPU = Documentation|Any CPU
		Documentation|Mixed Platforms = Documentation|Mixed Platforms
		Documentation|x64 = Documentation|x64
		Documentation|x86 = Documentation|x86
		Nsis|Any CPU = Nsis|Any CPU
		Nsis|Mixed Platforms = Nsis|Mixed Platforms
		Nsis|x64 = Nsis|x64
		Nsis|x86 = Nsis|x86
		Release|Any CPU = Release|Any CPU
		Release|Mixed Platforms = Release|Mixed Platforms
		Release|x64 = Release|x64
		Release|x86 = Release|x86
		Release-Signed|Any CPU = Release-Signed|Any CPU
		Release-Signed|Mixed Platforms = Release-Signed|Mixed Platforms
		Release-Signed|x64 = Release-Signed|x64
		Release-Signed|x86 = Release-Signed|x86
	EndGlobalSection
	GlobalSection(ProjectConfigurationPlatforms) = postSolution
		{9BD87BD4-44E9-4627-9B62-41F97E16BAC6}.Debug|Any CPU.ActiveCfg = Debug|Any CPU
		{9BD87BD4-44E9-4627-9B62-41F97E16BAC6}.Debug|Any CPU.Build.0 = Debug|Any CPU
		{9BD87BD4-44E9-4627-9B62-41F97E16BAC6}.Debug|Mixed Platforms.ActiveCfg = Debug|Any CPU
		{9BD87BD4-44E9-4627-9B62-41F97E16BAC6}.Debug|Mixed Platforms.Build.0 = Debug|Any CPU
		{9BD87BD4-44E9-4627-9B62-41F97E16BAC6}.Debug|x64.ActiveCfg = Debug|Any CPU
		{9BD87BD4-44E9-4627-9B62-41F97E16BAC6}.Debug|x64.Build.0 = Debug|Any CPU
		{9BD87BD4-44E9-4627-9B62-41F97E16BAC6}.Debug|x86.ActiveCfg = Debug|Any CPU
		{9BD87BD4-44E9-4627-9B62-41F97E16BAC6}.Debug|x86.Build.0 = Debug|Any CPU
		{9BD87BD4-44E9-4627-9B62-41F97E16BAC6}.Documentation|Any CPU.ActiveCfg = Debug|Any CPU
		{9BD87BD4-44E9-4627-9B62-41F97E16BAC6}.Documentation|Any CPU.Build.0 = Debug|Any CPU
		{9BD87BD4-44E9-4627-9B62-41F97E16BAC6}.Documentation|Mixed Platforms.ActiveCfg = Debug|Any CPU
		{9BD87BD4-44E9-4627-9B62-41F97E16BAC6}.Documentation|Mixed Platforms.Build.0 = Debug|Any CPU
		{9BD87BD4-44E9-4627-9B62-41F97E16BAC6}.Documentation|x64.ActiveCfg = Debug|Any CPU
		{9BD87BD4-44E9-4627-9B62-41F97E16BAC6}.Documentation|x64.Build.0 = Debug|Any CPU
		{9BD87BD4-44E9-4627-9B62-41F97E16BAC6}.Documentation|x86.ActiveCfg = Debug|Any CPU
		{9BD87BD4-44E9-4627-9B62-41F97E16BAC6}.Documentation|x86.Build.0 = Debug|Any CPU
		{9BD87BD4-44E9-4627-9B62-41F97E16BAC6}.Nsis|Any CPU.ActiveCfg = Release|Any CPU
		{9BD87BD4-44E9-4627-9B62-41F97E16BAC6}.Nsis|Any CPU.Build.0 = Release|Any CPU
		{9BD87BD4-44E9-4627-9B62-41F97E16BAC6}.Nsis|Mixed Platforms.ActiveCfg = Release|Any CPU
		{9BD87BD4-44E9-4627-9B62-41F97E16BAC6}.Nsis|Mixed Platforms.Build.0 = Release|Any CPU
		{9BD87BD4-44E9-4627-9B62-41F97E16BAC6}.Nsis|x64.ActiveCfg = Release|Any CPU
		{9BD87BD4-44E9-4627-9B62-41F97E16BAC6}.Nsis|x64.Build.0 = Release|Any CPU
		{9BD87BD4-44E9-4627-9B62-41F97E16BAC6}.Nsis|x86.ActiveCfg = Release|Any CPU
		{9BD87BD4-44E9-4627-9B62-41F97E16BAC6}.Nsis|x86.Build.0 = Release|Any CPU
		{9BD87BD4-44E9-4627-9B62-41F97E16BAC6}.Release|Any CPU.ActiveCfg = Release|Any CPU
		{9BD87BD4-44E9-4627-9B62-41F97E16BAC6}.Release|Any CPU.Build.0 = Release|Any CPU
		{9BD87BD4-44E9-4627-9B62-41F97E16BAC6}.Release|Mixed Platforms.ActiveCfg = Release|Any CPU
		{9BD87BD4-44E9-4627-9B62-41F97E16BAC6}.Release|Mixed Platforms.Build.0 = Release|Any CPU
		{9BD87BD4-44E9-4627-9B62-41F97E16BAC6}.Release|x64.ActiveCfg = Release|Any CPU
		{9BD87BD4-44E9-4627-9B62-41F97E16BAC6}.Release|x64.Build.0 = Release|Any CPU
		{9BD87BD4-44E9-4627-9B62-41F97E16BAC6}.Release|x86.ActiveCfg = Release|Any CPU
		{9BD87BD4-44E9-4627-9B62-41F97E16BAC6}.Release|x86.Build.0 = Release|Any CPU
		{9BD87BD4-44E9-4627-9B62-41F97E16BAC6}.Release-Signed|Any CPU.ActiveCfg = Release|Any CPU
		{9BD87BD4-44E9-4627-9B62-41F97E16BAC6}.Release-Signed|Any CPU.Build.0 = Release|Any CPU
		{9BD87BD4-44E9-4627-9B62-41F97E16BAC6}.Release-Signed|Mixed Platforms.ActiveCfg = Release|Any CPU
		{9BD87BD4-44E9-4627-9B62-41F97E16BAC6}.Release-Signed|Mixed Platforms.Build.0 = Release|Any CPU
		{9BD87BD4-44E9-4627-9B62-41F97E16BAC6}.Release-Signed|x64.ActiveCfg = Release|Any CPU
		{9BD87BD4-44E9-4627-9B62-41F97E16BAC6}.Release-Signed|x64.Build.0 = Release|Any CPU
		{9BD87BD4-44E9-4627-9B62-41F97E16BAC6}.Release-Signed|x86.ActiveCfg = Release|Any CPU
		{9BD87BD4-44E9-4627-9B62-41F97E16BAC6}.Release-Signed|x86.Build.0 = Release|Any CPU
		{DF1F2330-134C-4EC6-A97C-3011D3072F0A}.Debug|Any CPU.ActiveCfg = Debug|Any CPU
		{DF1F2330-134C-4EC6-A97C-3011D3072F0A}.Debug|Any CPU.Build.0 = Debug|Any CPU
		{DF1F2330-134C-4EC6-A97C-3011D3072F0A}.Debug|Mixed Platforms.ActiveCfg = Debug|Any CPU
		{DF1F2330-134C-4EC6-A97C-3011D3072F0A}.Debug|Mixed Platforms.Build.0 = Debug|Any CPU
		{DF1F2330-134C-4EC6-A97C-3011D3072F0A}.Debug|x64.ActiveCfg = Debug|Any CPU
		{DF1F2330-134C-4EC6-A97C-3011D3072F0A}.Debug|x86.ActiveCfg = Debug|Any CPU
		{DF1F2330-134C-4EC6-A97C-3011D3072F0A}.Debug|x86.Build.0 = Debug|Any CPU
		{DF1F2330-134C-4EC6-A97C-3011D3072F0A}.Documentation|Any CPU.ActiveCfg = Debug|Any CPU
		{DF1F2330-134C-4EC6-A97C-3011D3072F0A}.Documentation|Any CPU.Build.0 = Debug|Any CPU
		{DF1F2330-134C-4EC6-A97C-3011D3072F0A}.Documentation|Mixed Platforms.ActiveCfg = Debug|Any CPU
		{DF1F2330-134C-4EC6-A97C-3011D3072F0A}.Documentation|Mixed Platforms.Build.0 = Debug|Any CPU
		{DF1F2330-134C-4EC6-A97C-3011D3072F0A}.Documentation|x64.ActiveCfg = Debug|Any CPU
		{DF1F2330-134C-4EC6-A97C-3011D3072F0A}.Documentation|x86.ActiveCfg = Debug|Any CPU
		{DF1F2330-134C-4EC6-A97C-3011D3072F0A}.Documentation|x86.Build.0 = Debug|Any CPU
		{DF1F2330-134C-4EC6-A97C-3011D3072F0A}.Nsis|Any CPU.ActiveCfg = Release|Any CPU
		{DF1F2330-134C-4EC6-A97C-3011D3072F0A}.Nsis|Any CPU.Build.0 = Release|Any CPU
		{DF1F2330-134C-4EC6-A97C-3011D3072F0A}.Nsis|Mixed Platforms.ActiveCfg = Release|Any CPU
		{DF1F2330-134C-4EC6-A97C-3011D3072F0A}.Nsis|Mixed Platforms.Build.0 = Release|Any CPU
		{DF1F2330-134C-4EC6-A97C-3011D3072F0A}.Nsis|x64.ActiveCfg = Release|Any CPU
		{DF1F2330-134C-4EC6-A97C-3011D3072F0A}.Nsis|x86.ActiveCfg = Release|Any CPU
		{DF1F2330-134C-4EC6-A97C-3011D3072F0A}.Nsis|x86.Build.0 = Release|Any CPU
		{DF1F2330-134C-4EC6-A97C-3011D3072F0A}.Release|Any CPU.ActiveCfg = Release|Any CPU
		{DF1F2330-134C-4EC6-A97C-3011D3072F0A}.Release|Any CPU.Build.0 = Release|Any CPU
		{DF1F2330-134C-4EC6-A97C-3011D3072F0A}.Release|Mixed Platforms.ActiveCfg = Release|Any CPU
		{DF1F2330-134C-4EC6-A97C-3011D3072F0A}.Release|Mixed Platforms.Build.0 = Release|Any CPU
		{DF1F2330-134C-4EC6-A97C-3011D3072F0A}.Release|x64.ActiveCfg = Release|Any CPU
		{DF1F2330-134C-4EC6-A97C-3011D3072F0A}.Release|x86.ActiveCfg = Release|Any CPU
		{DF1F2330-134C-4EC6-A97C-3011D3072F0A}.Release|x86.Build.0 = Release|Any CPU
		{DF1F2330-134C-4EC6-A97C-3011D3072F0A}.Release-Signed|Any CPU.ActiveCfg = Release|Any CPU
		{DF1F2330-134C-4EC6-A97C-3011D3072F0A}.Release-Signed|Any CPU.Build.0 = Release|Any CPU
		{DF1F2330-134C-4EC6-A97C-3011D3072F0A}.Release-Signed|Mixed Platforms.ActiveCfg = Release|Any CPU
		{DF1F2330-134C-4EC6-A97C-3011D3072F0A}.Release-Signed|Mixed Platforms.Build.0 = Release|Any CPU
		{DF1F2330-134C-4EC6-A97C-3011D3072F0A}.Release-Signed|x64.ActiveCfg = Release|Any CPU
		{DF1F2330-134C-4EC6-A97C-3011D3072F0A}.Release-Signed|x86.ActiveCfg = Release|Any CPU
		{DF1F2330-134C-4EC6-A97C-3011D3072F0A}.Release-Signed|x86.Build.0 = Release|Any CPU
		{546A9835-C8BC-4C43-A01C-C6603AF6674E}.Debug|Any CPU.ActiveCfg = Debug|Any CPU
		{546A9835-C8BC-4C43-A01C-C6603AF6674E}.Debug|Any CPU.Build.0 = Debug|Any CPU
		{546A9835-C8BC-4C43-A01C-C6603AF6674E}.Debug|Mixed Platforms.ActiveCfg = Debug|Any CPU
		{546A9835-C8BC-4C43-A01C-C6603AF6674E}.Debug|Mixed Platforms.Build.0 = Debug|Any CPU
		{546A9835-C8BC-4C43-A01C-C6603AF6674E}.Debug|x64.ActiveCfg = Debug|Any CPU
		{546A9835-C8BC-4C43-A01C-C6603AF6674E}.Debug|x86.ActiveCfg = Debug|Any CPU
		{546A9835-C8BC-4C43-A01C-C6603AF6674E}.Debug|x86.Build.0 = Debug|Any CPU
		{546A9835-C8BC-4C43-A01C-C6603AF6674E}.Documentation|Any CPU.ActiveCfg = Debug|Any CPU
		{546A9835-C8BC-4C43-A01C-C6603AF6674E}.Documentation|Any CPU.Build.0 = Debug|Any CPU
		{546A9835-C8BC-4C43-A01C-C6603AF6674E}.Documentation|Mixed Platforms.ActiveCfg = Debug|Any CPU
		{546A9835-C8BC-4C43-A01C-C6603AF6674E}.Documentation|Mixed Platforms.Build.0 = Debug|Any CPU
		{546A9835-C8BC-4C43-A01C-C6603AF6674E}.Documentation|x64.ActiveCfg = Debug|Any CPU
		{546A9835-C8BC-4C43-A01C-C6603AF6674E}.Documentation|x86.ActiveCfg = Debug|Any CPU
		{546A9835-C8BC-4C43-A01C-C6603AF6674E}.Documentation|x86.Build.0 = Debug|Any CPU
		{546A9835-C8BC-4C43-A01C-C6603AF6674E}.Nsis|Any CPU.ActiveCfg = Release|Any CPU
		{546A9835-C8BC-4C43-A01C-C6603AF6674E}.Nsis|Any CPU.Build.0 = Release|Any CPU
		{546A9835-C8BC-4C43-A01C-C6603AF6674E}.Nsis|Mixed Platforms.ActiveCfg = Release|Any CPU
		{546A9835-C8BC-4C43-A01C-C6603AF6674E}.Nsis|Mixed Platforms.Build.0 = Release|Any CPU
		{546A9835-C8BC-4C43-A01C-C6603AF6674E}.Nsis|x64.ActiveCfg = Release|Any CPU
		{546A9835-C8BC-4C43-A01C-C6603AF6674E}.Nsis|x86.ActiveCfg = Release|Any CPU
		{546A9835-C8BC-4C43-A01C-C6603AF6674E}.Nsis|x86.Build.0 = Release|Any CPU
		{546A9835-C8BC-4C43-A01C-C6603AF6674E}.Release|Any CPU.ActiveCfg = Release|Any CPU
		{546A9835-C8BC-4C43-A01C-C6603AF6674E}.Release|Any CPU.Build.0 = Release|Any CPU
		{546A9835-C8BC-4C43-A01C-C6603AF6674E}.Release|Mixed Platforms.ActiveCfg = Release|Any CPU
		{546A9835-C8BC-4C43-A01C-C6603AF6674E}.Release|Mixed Platforms.Build.0 = Release|Any CPU
		{546A9835-C8BC-4C43-A01C-C6603AF6674E}.Release|x64.ActiveCfg = Release|Any CPU
		{546A9835-C8BC-4C43-A01C-C6603AF6674E}.Release|x86.ActiveCfg = Release|Any CPU
		{546A9835-C8BC-4C43-A01C-C6603AF6674E}.Release|x86.Build.0 = Release|Any CPU
		{546A9835-C8BC-4C43-A01C-C6603AF6674E}.Release-Signed|Any CPU.ActiveCfg = Release|Any CPU
		{546A9835-C8BC-4C43-A01C-C6603AF6674E}.Release-Signed|Any CPU.Build.0 = Release|Any CPU
		{546A9835-C8BC-4C43-A01C-C6603AF6674E}.Release-Signed|Mixed Platforms.ActiveCfg = Release|Any CPU
		{546A9835-C8BC-4C43-A01C-C6603AF6674E}.Release-Signed|Mixed Platforms.Build.0 = Release|Any CPU
		{546A9835-C8BC-4C43-A01C-C6603AF6674E}.Release-Signed|x64.ActiveCfg = Release|Any CPU
		{546A9835-C8BC-4C43-A01C-C6603AF6674E}.Release-Signed|x86.ActiveCfg = Release|Any CPU
		{546A9835-C8BC-4C43-A01C-C6603AF6674E}.Release-Signed|x86.Build.0 = Release|Any CPU
		{6AF79162-C28E-4251-9DBB-5A37E58F33B4}.Debug|Any CPU.ActiveCfg = Debug|Any CPU
		{6AF79162-C28E-4251-9DBB-5A37E58F33B4}.Debug|Any CPU.Build.0 = Debug|Any CPU
		{6AF79162-C28E-4251-9DBB-5A37E58F33B4}.Debug|Mixed Platforms.ActiveCfg = Debug|Any CPU
		{6AF79162-C28E-4251-9DBB-5A37E58F33B4}.Debug|Mixed Platforms.Build.0 = Debug|Any CPU
		{6AF79162-C28E-4251-9DBB-5A37E58F33B4}.Debug|x64.ActiveCfg = Debug|Any CPU
		{6AF79162-C28E-4251-9DBB-5A37E58F33B4}.Debug|x86.ActiveCfg = Debug|Any CPU
		{6AF79162-C28E-4251-9DBB-5A37E58F33B4}.Debug|x86.Build.0 = Debug|Any CPU
		{6AF79162-C28E-4251-9DBB-5A37E58F33B4}.Documentation|Any CPU.ActiveCfg = Debug|Any CPU
		{6AF79162-C28E-4251-9DBB-5A37E58F33B4}.Documentation|Any CPU.Build.0 = Debug|Any CPU
		{6AF79162-C28E-4251-9DBB-5A37E58F33B4}.Documentation|Mixed Platforms.ActiveCfg = Debug|Any CPU
		{6AF79162-C28E-4251-9DBB-5A37E58F33B4}.Documentation|Mixed Platforms.Build.0 = Debug|Any CPU
		{6AF79162-C28E-4251-9DBB-5A37E58F33B4}.Documentation|x64.ActiveCfg = Debug|Any CPU
		{6AF79162-C28E-4251-9DBB-5A37E58F33B4}.Documentation|x86.ActiveCfg = Debug|Any CPU
		{6AF79162-C28E-4251-9DBB-5A37E58F33B4}.Documentation|x86.Build.0 = Debug|Any CPU
		{6AF79162-C28E-4251-9DBB-5A37E58F33B4}.Nsis|Any CPU.ActiveCfg = Release|Any CPU
		{6AF79162-C28E-4251-9DBB-5A37E58F33B4}.Nsis|Any CPU.Build.0 = Release|Any CPU
		{6AF79162-C28E-4251-9DBB-5A37E58F33B4}.Nsis|Mixed Platforms.ActiveCfg = Release|Any CPU
		{6AF79162-C28E-4251-9DBB-5A37E58F33B4}.Nsis|Mixed Platforms.Build.0 = Release|Any CPU
		{6AF79162-C28E-4251-9DBB-5A37E58F33B4}.Nsis|x64.ActiveCfg = Release|Any CPU
		{6AF79162-C28E-4251-9DBB-5A37E58F33B4}.Nsis|x86.ActiveCfg = Release|Any CPU
		{6AF79162-C28E-4251-9DBB-5A37E58F33B4}.Nsis|x86.Build.0 = Release|Any CPU
		{6AF79162-C28E-4251-9DBB-5A37E58F33B4}.Release|Any CPU.ActiveCfg = Release|Any CPU
		{6AF79162-C28E-4251-9DBB-5A37E58F33B4}.Release|Any CPU.Build.0 = Release|Any CPU
		{6AF79162-C28E-4251-9DBB-5A37E58F33B4}.Release|Mixed Platforms.ActiveCfg = Release|Any CPU
		{6AF79162-C28E-4251-9DBB-5A37E58F33B4}.Release|Mixed Platforms.Build.0 = Release|Any CPU
		{6AF79162-C28E-4251-9DBB-5A37E58F33B4}.Release|x64.ActiveCfg = Release|Any CPU
		{6AF79162-C28E-4251-9DBB-5A37E58F33B4}.Release|x86.ActiveCfg = Release|Any CPU
		{6AF79162-C28E-4251-9DBB-5A37E58F33B4}.Release|x86.Build.0 = Release|Any CPU
		{6AF79162-C28E-4251-9DBB-5A37E58F33B4}.Release-Signed|Any CPU.ActiveCfg = Release|Any CPU
		{6AF79162-C28E-4251-9DBB-5A37E58F33B4}.Release-Signed|Any CPU.Build.0 = Release|Any CPU
		{6AF79162-C28E-4251-9DBB-5A37E58F33B4}.Release-Signed|Mixed Platforms.ActiveCfg = Release|Any CPU
		{6AF79162-C28E-4251-9DBB-5A37E58F33B4}.Release-Signed|Mixed Platforms.Build.0 = Release|Any CPU
		{6AF79162-C28E-4251-9DBB-5A37E58F33B4}.Release-Signed|x64.ActiveCfg = Release|Any CPU
		{6AF79162-C28E-4251-9DBB-5A37E58F33B4}.Release-Signed|x86.ActiveCfg = Release|Any CPU
		{6AF79162-C28E-4251-9DBB-5A37E58F33B4}.Release-Signed|x86.Build.0 = Release|Any CPU
		{7A011760-0445-46F0-8409-D4F21672470A}.Debug|Any CPU.ActiveCfg = Debug|Any CPU
		{7A011760-0445-46F0-8409-D4F21672470A}.Debug|Any CPU.Build.0 = Debug|Any CPU
		{7A011760-0445-46F0-8409-D4F21672470A}.Debug|Mixed Platforms.ActiveCfg = Debug|Any CPU
		{7A011760-0445-46F0-8409-D4F21672470A}.Debug|Mixed Platforms.Build.0 = Debug|Any CPU
		{7A011760-0445-46F0-8409-D4F21672470A}.Debug|x64.ActiveCfg = Debug|Any CPU
		{7A011760-0445-46F0-8409-D4F21672470A}.Debug|x86.ActiveCfg = Debug|Any CPU
		{7A011760-0445-46F0-8409-D4F21672470A}.Debug|x86.Build.0 = Debug|Any CPU
		{7A011760-0445-46F0-8409-D4F21672470A}.Documentation|Any CPU.ActiveCfg = Debug|Any CPU
		{7A011760-0445-46F0-8409-D4F21672470A}.Documentation|Any CPU.Build.0 = Debug|Any CPU
		{7A011760-0445-46F0-8409-D4F21672470A}.Documentation|Mixed Platforms.ActiveCfg = Debug|Any CPU
		{7A011760-0445-46F0-8409-D4F21672470A}.Documentation|Mixed Platforms.Build.0 = Debug|Any CPU
		{7A011760-0445-46F0-8409-D4F21672470A}.Documentation|x64.ActiveCfg = Debug|Any CPU
		{7A011760-0445-46F0-8409-D4F21672470A}.Documentation|x86.ActiveCfg = Debug|Any CPU
		{7A011760-0445-46F0-8409-D4F21672470A}.Documentation|x86.Build.0 = Debug|Any CPU
		{7A011760-0445-46F0-8409-D4F21672470A}.Nsis|Any CPU.ActiveCfg = Release|Any CPU
		{7A011760-0445-46F0-8409-D4F21672470A}.Nsis|Any CPU.Build.0 = Release|Any CPU
		{7A011760-0445-46F0-8409-D4F21672470A}.Nsis|Mixed Platforms.ActiveCfg = Release|Any CPU
		{7A011760-0445-46F0-8409-D4F21672470A}.Nsis|Mixed Platforms.Build.0 = Release|Any CPU
		{7A011760-0445-46F0-8409-D4F21672470A}.Nsis|x64.ActiveCfg = Release|Any CPU
		{7A011760-0445-46F0-8409-D4F21672470A}.Nsis|x86.ActiveCfg = Release|Any CPU
		{7A011760-0445-46F0-8409-D4F21672470A}.Nsis|x86.Build.0 = Release|Any CPU
		{7A011760-0445-46F0-8409-D4F21672470A}.Release|Any CPU.ActiveCfg = Release|Any CPU
		{7A011760-0445-46F0-8409-D4F21672470A}.Release|Any CPU.Build.0 = Release|Any CPU
		{7A011760-0445-46F0-8409-D4F21672470A}.Release|Mixed Platforms.ActiveCfg = Release|Any CPU
		{7A011760-0445-46F0-8409-D4F21672470A}.Release|Mixed Platforms.Build.0 = Release|Any CPU
		{7A011760-0445-46F0-8409-D4F21672470A}.Release|x64.ActiveCfg = Release|Any CPU
		{7A011760-0445-46F0-8409-D4F21672470A}.Release|x86.ActiveCfg = Release|Any CPU
		{7A011760-0445-46F0-8409-D4F21672470A}.Release|x86.Build.0 = Release|Any CPU
		{7A011760-0445-46F0-8409-D4F21672470A}.Release-Signed|Any CPU.ActiveCfg = Release|Any CPU
		{7A011760-0445-46F0-8409-D4F21672470A}.Release-Signed|Any CPU.Build.0 = Release|Any CPU
		{7A011760-0445-46F0-8409-D4F21672470A}.Release-Signed|Mixed Platforms.ActiveCfg = Release|Any CPU
		{7A011760-0445-46F0-8409-D4F21672470A}.Release-Signed|Mixed Platforms.Build.0 = Release|Any CPU
		{7A011760-0445-46F0-8409-D4F21672470A}.Release-Signed|x64.ActiveCfg = Release|Any CPU
		{7A011760-0445-46F0-8409-D4F21672470A}.Release-Signed|x86.ActiveCfg = Release|Any CPU
		{7A011760-0445-46F0-8409-D4F21672470A}.Release-Signed|x86.Build.0 = Release|Any CPU
		{4F019089-DD37-42DC-8888-DAD3B21F7BD8}.Debug|Any CPU.ActiveCfg = Debug|Any CPU
		{4F019089-DD37-42DC-8888-DAD3B21F7BD8}.Debug|Any CPU.Build.0 = Debug|Any CPU
		{4F019089-DD37-42DC-8888-DAD3B21F7BD8}.Debug|Mixed Platforms.ActiveCfg = Debug|Any CPU
		{4F019089-DD37-42DC-8888-DAD3B21F7BD8}.Debug|Mixed Platforms.Build.0 = Debug|Any CPU
		{4F019089-DD37-42DC-8888-DAD3B21F7BD8}.Debug|x64.ActiveCfg = Debug|Any CPU
		{4F019089-DD37-42DC-8888-DAD3B21F7BD8}.Debug|x64.Build.0 = Debug|Any CPU
		{4F019089-DD37-42DC-8888-DAD3B21F7BD8}.Debug|x86.ActiveCfg = Debug|Any CPU
		{4F019089-DD37-42DC-8888-DAD3B21F7BD8}.Debug|x86.Build.0 = Debug|Any CPU
		{4F019089-DD37-42DC-8888-DAD3B21F7BD8}.Documentation|Any CPU.ActiveCfg = Debug|Any CPU
		{4F019089-DD37-42DC-8888-DAD3B21F7BD8}.Documentation|Any CPU.Build.0 = Debug|Any CPU
		{4F019089-DD37-42DC-8888-DAD3B21F7BD8}.Documentation|Mixed Platforms.ActiveCfg = Debug|Any CPU
		{4F019089-DD37-42DC-8888-DAD3B21F7BD8}.Documentation|Mixed Platforms.Build.0 = Debug|Any CPU
		{4F019089-DD37-42DC-8888-DAD3B21F7BD8}.Documentation|x64.ActiveCfg = Debug|Any CPU
		{4F019089-DD37-42DC-8888-DAD3B21F7BD8}.Documentation|x64.Build.0 = Debug|Any CPU
		{4F019089-DD37-42DC-8888-DAD3B21F7BD8}.Documentation|x86.ActiveCfg = Debug|Any CPU
		{4F019089-DD37-42DC-8888-DAD3B21F7BD8}.Documentation|x86.Build.0 = Debug|Any CPU
		{4F019089-DD37-42DC-8888-DAD3B21F7BD8}.Nsis|Any CPU.ActiveCfg = Release|Any CPU
		{4F019089-DD37-42DC-8888-DAD3B21F7BD8}.Nsis|Any CPU.Build.0 = Release|Any CPU
		{4F019089-DD37-42DC-8888-DAD3B21F7BD8}.Nsis|Mixed Platforms.ActiveCfg = Release|Any CPU
		{4F019089-DD37-42DC-8888-DAD3B21F7BD8}.Nsis|Mixed Platforms.Build.0 = Release|Any CPU
		{4F019089-DD37-42DC-8888-DAD3B21F7BD8}.Nsis|x64.ActiveCfg = Release|Any CPU
		{4F019089-DD37-42DC-8888-DAD3B21F7BD8}.Nsis|x64.Build.0 = Release|Any CPU
		{4F019089-DD37-42DC-8888-DAD3B21F7BD8}.Nsis|x86.ActiveCfg = Release|Any CPU
		{4F019089-DD37-42DC-8888-DAD3B21F7BD8}.Nsis|x86.Build.0 = Release|Any CPU
		{4F019089-DD37-42DC-8888-DAD3B21F7BD8}.Release|Any CPU.ActiveCfg = Release|Any CPU
		{4F019089-DD37-42DC-8888-DAD3B21F7BD8}.Release|Any CPU.Build.0 = Release|Any CPU
		{4F019089-DD37-42DC-8888-DAD3B21F7BD8}.Release|Mixed Platforms.ActiveCfg = Release|Any CPU
		{4F019089-DD37-42DC-8888-DAD3B21F7BD8}.Release|Mixed Platforms.Build.0 = Release|Any CPU
		{4F019089-DD37-42DC-8888-DAD3B21F7BD8}.Release|x64.ActiveCfg = Release|Any CPU
		{4F019089-DD37-42DC-8888-DAD3B21F7BD8}.Release|x64.Build.0 = Release|Any CPU
		{4F019089-DD37-42DC-8888-DAD3B21F7BD8}.Release|x86.ActiveCfg = Release|Any CPU
		{4F019089-DD37-42DC-8888-DAD3B21F7BD8}.Release|x86.Build.0 = Release|Any CPU
		{4F019089-DD37-42DC-8888-DAD3B21F7BD8}.Release-Signed|Any CPU.ActiveCfg = Release|Any CPU
		{4F019089-DD37-42DC-8888-DAD3B21F7BD8}.Release-Signed|Any CPU.Build.0 = Release|Any CPU
		{4F019089-DD37-42DC-8888-DAD3B21F7BD8}.Release-Signed|Mixed Platforms.ActiveCfg = Release|Any CPU
		{4F019089-DD37-42DC-8888-DAD3B21F7BD8}.Release-Signed|Mixed Platforms.Build.0 = Release|Any CPU
		{4F019089-DD37-42DC-8888-DAD3B21F7BD8}.Release-Signed|x64.ActiveCfg = Release|Any CPU
		{4F019089-DD37-42DC-8888-DAD3B21F7BD8}.Release-Signed|x64.Build.0 = Release|Any CPU
		{4F019089-DD37-42DC-8888-DAD3B21F7BD8}.Release-Signed|x86.ActiveCfg = Release|Any CPU
		{4F019089-DD37-42DC-8888-DAD3B21F7BD8}.Release-Signed|x86.Build.0 = Release|Any CPU
		{21C57FB8-8710-414C-B3EF-65AFFEF34962}.Debug|Any CPU.ActiveCfg = Debug|Any CPU
		{21C57FB8-8710-414C-B3EF-65AFFEF34962}.Debug|Any CPU.Build.0 = Debug|Any CPU
		{21C57FB8-8710-414C-B3EF-65AFFEF34962}.Debug|Mixed Platforms.ActiveCfg = Debug|Any CPU
		{21C57FB8-8710-414C-B3EF-65AFFEF34962}.Debug|Mixed Platforms.Build.0 = Debug|Any CPU
		{21C57FB8-8710-414C-B3EF-65AFFEF34962}.Debug|x64.ActiveCfg = Debug|Any CPU
		{21C57FB8-8710-414C-B3EF-65AFFEF34962}.Debug|x64.Build.0 = Debug|Any CPU
		{21C57FB8-8710-414C-B3EF-65AFFEF34962}.Debug|x86.ActiveCfg = Debug|Any CPU
		{21C57FB8-8710-414C-B3EF-65AFFEF34962}.Debug|x86.Build.0 = Debug|Any CPU
		{21C57FB8-8710-414C-B3EF-65AFFEF34962}.Documentation|Any CPU.ActiveCfg = Debug|Any CPU
		{21C57FB8-8710-414C-B3EF-65AFFEF34962}.Documentation|Any CPU.Build.0 = Debug|Any CPU
		{21C57FB8-8710-414C-B3EF-65AFFEF34962}.Documentation|Mixed Platforms.ActiveCfg = Debug|Any CPU
		{21C57FB8-8710-414C-B3EF-65AFFEF34962}.Documentation|Mixed Platforms.Build.0 = Debug|Any CPU
		{21C57FB8-8710-414C-B3EF-65AFFEF34962}.Documentation|x64.ActiveCfg = Debug|Any CPU
		{21C57FB8-8710-414C-B3EF-65AFFEF34962}.Documentation|x64.Build.0 = Debug|Any CPU
		{21C57FB8-8710-414C-B3EF-65AFFEF34962}.Documentation|x86.ActiveCfg = Debug|Any CPU
		{21C57FB8-8710-414C-B3EF-65AFFEF34962}.Documentation|x86.Build.0 = Debug|Any CPU
		{21C57FB8-8710-414C-B3EF-65AFFEF34962}.Nsis|Any CPU.ActiveCfg = Release|Any CPU
		{21C57FB8-8710-414C-B3EF-65AFFEF34962}.Nsis|Any CPU.Build.0 = Release|Any CPU
		{21C57FB8-8710-414C-B3EF-65AFFEF34962}.Nsis|Mixed Platforms.ActiveCfg = Release|Any CPU
		{21C57FB8-8710-414C-B3EF-65AFFEF34962}.Nsis|Mixed Platforms.Build.0 = Release|Any CPU
		{21C57FB8-8710-414C-B3EF-65AFFEF34962}.Nsis|x64.ActiveCfg = Release|Any CPU
		{21C57FB8-8710-414C-B3EF-65AFFEF34962}.Nsis|x64.Build.0 = Release|Any CPU
		{21C57FB8-8710-414C-B3EF-65AFFEF34962}.Nsis|x86.ActiveCfg = Release|Any CPU
		{21C57FB8-8710-414C-B3EF-65AFFEF34962}.Nsis|x86.Build.0 = Release|Any CPU
		{21C57FB8-8710-414C-B3EF-65AFFEF34962}.Release|Any CPU.ActiveCfg = Release|Any CPU
		{21C57FB8-8710-414C-B3EF-65AFFEF34962}.Release|Any CPU.Build.0 = Release|Any CPU
		{21C57FB8-8710-414C-B3EF-65AFFEF34962}.Release|Mixed Platforms.ActiveCfg = Release|Any CPU
		{21C57FB8-8710-414C-B3EF-65AFFEF34962}.Release|Mixed Platforms.Build.0 = Release|Any CPU
		{21C57FB8-8710-414C-B3EF-65AFFEF34962}.Release|x64.ActiveCfg = Release|Any CPU
		{21C57FB8-8710-414C-B3EF-65AFFEF34962}.Release|x64.Build.0 = Release|Any CPU
		{21C57FB8-8710-414C-B3EF-65AFFEF34962}.Release|x86.ActiveCfg = Release|Any CPU
		{21C57FB8-8710-414C-B3EF-65AFFEF34962}.Release|x86.Build.0 = Release|Any CPU
		{21C57FB8-8710-414C-B3EF-65AFFEF34962}.Release-Signed|Any CPU.ActiveCfg = Release|Any CPU
		{21C57FB8-8710-414C-B3EF-65AFFEF34962}.Release-Signed|Any CPU.Build.0 = Release|Any CPU
		{21C57FB8-8710-414C-B3EF-65AFFEF34962}.Release-Signed|Mixed Platforms.ActiveCfg = Release|Any CPU
		{21C57FB8-8710-414C-B3EF-65AFFEF34962}.Release-Signed|Mixed Platforms.Build.0 = Release|Any CPU
		{21C57FB8-8710-414C-B3EF-65AFFEF34962}.Release-Signed|x64.ActiveCfg = Release|Any CPU
		{21C57FB8-8710-414C-B3EF-65AFFEF34962}.Release-Signed|x64.Build.0 = Release|Any CPU
		{21C57FB8-8710-414C-B3EF-65AFFEF34962}.Release-Signed|x86.ActiveCfg = Release|Any CPU
		{21C57FB8-8710-414C-B3EF-65AFFEF34962}.Release-Signed|x86.Build.0 = Release|Any CPU
		{AD2508E5-71D7-4F07-AF75-7449A4F68189}.Debug|Any CPU.ActiveCfg = Debug|Any CPU
		{AD2508E5-71D7-4F07-AF75-7449A4F68189}.Debug|Any CPU.Build.0 = Debug|Any CPU
		{AD2508E5-71D7-4F07-AF75-7449A4F68189}.Debug|Mixed Platforms.ActiveCfg = Debug|Any CPU
		{AD2508E5-71D7-4F07-AF75-7449A4F68189}.Debug|Mixed Platforms.Build.0 = Debug|Any CPU
		{AD2508E5-71D7-4F07-AF75-7449A4F68189}.Debug|x64.ActiveCfg = Debug|Any CPU
		{AD2508E5-71D7-4F07-AF75-7449A4F68189}.Debug|x64.Build.0 = Debug|Any CPU
		{AD2508E5-71D7-4F07-AF75-7449A4F68189}.Debug|x86.ActiveCfg = Debug|Any CPU
		{AD2508E5-71D7-4F07-AF75-7449A4F68189}.Debug|x86.Build.0 = Debug|Any CPU
		{AD2508E5-71D7-4F07-AF75-7449A4F68189}.Documentation|Any CPU.ActiveCfg = Debug|Any CPU
		{AD2508E5-71D7-4F07-AF75-7449A4F68189}.Documentation|Any CPU.Build.0 = Debug|Any CPU
		{AD2508E5-71D7-4F07-AF75-7449A4F68189}.Documentation|Mixed Platforms.ActiveCfg = Debug|Any CPU
		{AD2508E5-71D7-4F07-AF75-7449A4F68189}.Documentation|Mixed Platforms.Build.0 = Debug|Any CPU
		{AD2508E5-71D7-4F07-AF75-7449A4F68189}.Documentation|x64.ActiveCfg = Debug|Any CPU
		{AD2508E5-71D7-4F07-AF75-7449A4F68189}.Documentation|x64.Build.0 = Debug|Any CPU
		{AD2508E5-71D7-4F07-AF75-7449A4F68189}.Documentation|x86.ActiveCfg = Debug|Any CPU
		{AD2508E5-71D7-4F07-AF75-7449A4F68189}.Documentation|x86.Build.0 = Debug|Any CPU
		{AD2508E5-71D7-4F07-AF75-7449A4F68189}.Nsis|Any CPU.ActiveCfg = Debug|Any CPU
		{AD2508E5-71D7-4F07-AF75-7449A4F68189}.Nsis|Any CPU.Build.0 = Debug|Any CPU
		{AD2508E5-71D7-4F07-AF75-7449A4F68189}.Nsis|Mixed Platforms.ActiveCfg = Debug|Any CPU
		{AD2508E5-71D7-4F07-AF75-7449A4F68189}.Nsis|Mixed Platforms.Build.0 = Debug|Any CPU
		{AD2508E5-71D7-4F07-AF75-7449A4F68189}.Nsis|x64.ActiveCfg = Debug|Any CPU
		{AD2508E5-71D7-4F07-AF75-7449A4F68189}.Nsis|x64.Build.0 = Debug|Any CPU
		{AD2508E5-71D7-4F07-AF75-7449A4F68189}.Nsis|x86.ActiveCfg = Debug|Any CPU
		{AD2508E5-71D7-4F07-AF75-7449A4F68189}.Nsis|x86.Build.0 = Debug|Any CPU
		{AD2508E5-71D7-4F07-AF75-7449A4F68189}.Release|Any CPU.ActiveCfg = Release|Any CPU
		{AD2508E5-71D7-4F07-AF75-7449A4F68189}.Release|Any CPU.Build.0 = Release|Any CPU
		{AD2508E5-71D7-4F07-AF75-7449A4F68189}.Release|Mixed Platforms.ActiveCfg = Release|Any CPU
		{AD2508E5-71D7-4F07-AF75-7449A4F68189}.Release|Mixed Platforms.Build.0 = Release|Any CPU
		{AD2508E5-71D7-4F07-AF75-7449A4F68189}.Release|x64.ActiveCfg = Release|Any CPU
		{AD2508E5-71D7-4F07-AF75-7449A4F68189}.Release|x64.Build.0 = Release|Any CPU
		{AD2508E5-71D7-4F07-AF75-7449A4F68189}.Release|x86.ActiveCfg = Release|Any CPU
		{AD2508E5-71D7-4F07-AF75-7449A4F68189}.Release|x86.Build.0 = Release|Any CPU
		{AD2508E5-71D7-4F07-AF75-7449A4F68189}.Release-Signed|Any CPU.ActiveCfg = Release|Any CPU
		{AD2508E5-71D7-4F07-AF75-7449A4F68189}.Release-Signed|Any CPU.Build.0 = Release|Any CPU
		{AD2508E5-71D7-4F07-AF75-7449A4F68189}.Release-Signed|Mixed Platforms.ActiveCfg = Release|Any CPU
		{AD2508E5-71D7-4F07-AF75-7449A4F68189}.Release-Signed|Mixed Platforms.Build.0 = Release|Any CPU
		{AD2508E5-71D7-4F07-AF75-7449A4F68189}.Release-Signed|x64.ActiveCfg = Release|Any CPU
		{AD2508E5-71D7-4F07-AF75-7449A4F68189}.Release-Signed|x64.Build.0 = Release|Any CPU
		{AD2508E5-71D7-4F07-AF75-7449A4F68189}.Release-Signed|x86.ActiveCfg = Release|Any CPU
		{AD2508E5-71D7-4F07-AF75-7449A4F68189}.Release-Signed|x86.Build.0 = Release|Any CPU
	EndGlobalSection
	GlobalSection(SolutionProperties) = preSolution
		HideSolutionNode = FALSE
	EndGlobalSection
	GlobalSection(NestedProjects) = preSolution
		{9BD87BD4-44E9-4627-9B62-41F97E16BAC6} = {A698072C-0F04-49BF-86E6-FC0F181B18E0}
		{DF1F2330-134C-4EC6-A97C-3011D3072F0A} = {73DA8ED9-8244-4478-965C-942EECA519BD}
		{546A9835-C8BC-4C43-A01C-C6603AF6674E} = {73DA8ED9-8244-4478-965C-942EECA519BD}
		{96239FE9-353E-494A-8A9A-DD31CC652952} = {73DA8ED9-8244-4478-965C-942EECA519BD}
		{6AF79162-C28E-4251-9DBB-5A37E58F33B4} = {73DA8ED9-8244-4478-965C-942EECA519BD}
		{7A011760-0445-46F0-8409-D4F21672470A} = {73DA8ED9-8244-4478-965C-942EECA519BD}
		{4F019089-DD37-42DC-8888-DAD3B21F7BD8} = {A698072C-0F04-49BF-86E6-FC0F181B18E0}
		{21C57FB8-8710-414C-B3EF-65AFFEF34962} = {CD77AEB4-ABE5-48FC-A6BE-5201BC1B83D9}
		{AD2508E5-71D7-4F07-AF75-7449A4F68189} = {A698072C-0F04-49BF-86E6-FC0F181B18E0}
	EndGlobalSection
	GlobalSection(ExtensibilityGlobals) = postSolution
		SolutionGuid = {5842C981-5F2C-4470-815F-D85B6E8981EA}
	EndGlobalSection
EndGlobal
